
Microsoft Visual Studio Solution File, Format Version 12.00
# Visual Studio 15
Project("{FAE04EC0-301F-11D3-BF4B-00C04F79EFBC}") = "HW_03_Project_Graph_Coloring", "HW_03_Project_Graph_Coloring\HW_03_Project_Graph_Coloring.csproj", "{448D7761-C576-42B1-AA2A-4EC2B0BD0C43}"
EndProject
Global
	GlobalSection(SolutionConfigurationPlatforms) = preSolution
		Debug|Any CPU = Debug|Any CPU
		Release|Any CPU = Release|Any CPU
	EndGlobalSection
	GlobalSection(ProjectConfigurationPlatforms) = postSolution
		{448D7761-C576-42B1-AA2A-4EC2B0BD0C43}.Debug|Any CPU.ActiveCfg = Debug|Any CPU
		{448D7761-C576-42B1-AA2A-4EC2B0BD0C43}.Debug|Any CPU.Build.0 = Debug|Any CPU
		{448D7761-C576-42B1-AA2A-4EC2B0BD0C43}.Release|Any CPU.ActiveCfg = Release|Any CPU
		{448D7761-C576-42B1-AA2A-4EC2B0BD0C43}.Release|Any CPU.Build.0 = Release|Any CPU
	EndGlobalSection
EndGlobal
