
Microsoft Visual Studio Solution File, Format Version 12.00
# Visual Studio Version 16
VisualStudioVersion = 16.0.30413.136
MinimumVisualStudioVersion = 10.0.40219.1
Project("{FAE04EC0-301F-11D3-BF4B-00C04F79EFBC}") = "HW_04_Project_Graph_Coloring_GUI", "HW_04_Project_Graph_Coloring_GUI\HW_04_Project_Graph_Coloring_GUI.csproj", "{A28E6B4C-0CEB-4ED4-B945-2F3BBF35AA91}"
EndProject
Global
	GlobalSection(SolutionConfigurationPlatforms) = preSolution
		Debug|Any CPU = Debug|Any CPU
		Release|Any CPU = Release|Any CPU
	EndGlobalSection
	GlobalSection(ProjectConfigurationPlatforms) = postSolution
		{A28E6B4C-0CEB-4ED4-B945-2F3BBF35AA91}.Debug|Any CPU.ActiveCfg = Debug|Any CPU
		{A28E6B4C-0CEB-4ED4-B945-2F3BBF35AA91}.Debug|Any CPU.Build.0 = Debug|Any CPU
		{A28E6B4C-0CEB-4ED4-B945-2F3BBF35AA91}.Release|Any CPU.ActiveCfg = Release|Any CPU
		{A28E6B4C-0CEB-4ED4-B945-2F3BBF35AA91}.Release|Any CPU.Build.0 = Release|Any CPU
	EndGlobalSection
	GlobalSection(SolutionProperties) = preSolution
		HideSolutionNode = FALSE
	EndGlobalSection
	GlobalSection(ExtensibilityGlobals) = postSolution
		SolutionGuid = {398FD1A0-0E92-4A9D-842F-6BF2B3830EBA}
	EndGlobalSection
EndGlobal
